
Microsoft Visual Studio Solution File, Format Version 12.00
# Visual Studio Version 17
VisualStudioVersion = 17.2.32630.192
MinimumVisualStudioVersion = 10.0.40219.1
Project("{8BC9CEB8-8B4A-11D0-8D11-00A0C91BC942}") = "ObCallbackInfo", "ObCallbackInfo\ObCallbackInfo.vcxproj", "{1F23C256-4CBC-4980-8ABC-CF7C60402BCC}"
EndProject
Global
	GlobalSection(SolutionConfigurationPlatforms) = preSolution
		Debug|ARM64 = Debug|ARM64
		Debug|x64 = Debug|x64
		Release|ARM64 = Release|ARM64
		Release|x64 = Release|x64
	EndGlobalSection
	GlobalSection(ProjectConfigurationPlatforms) = postSolution
		{1F23C256-4CBC-4980-8ABC-CF7C60402BCC}.Debug|ARM64.ActiveCfg = Debug|ARM64
		{1F23C256-4CBC-4980-8ABC-CF7C60402BCC}.Debug|ARM64.Build.0 = Debug|ARM64
		{1F23C256-4CBC-4980-8ABC-CF7C60402BCC}.Debug|ARM64.Deploy.0 = Debug|ARM64
		{1F23C256-4CBC-4980-8ABC-CF7C60402BCC}.Debug|x64.ActiveCfg = Debug|x64
		{1F23C256-4CBC-4980-8ABC-CF7C60402BCC}.Debug|x64.Build.0 = Debug|x64
		{1F23C256-4CBC-4980-8ABC-CF7C60402BCC}.Debug|x64.Deploy.0 = Debug|x64
		{1F23C256-4CBC-4980-8ABC-CF7C60402BCC}.Release|ARM64.ActiveCfg = Release|ARM64
		{1F23C256-4CBC-4980-8ABC-CF7C60402BCC}.Release|ARM64.Build.0 = Release|ARM64
		{1F23C256-4CBC-4980-8ABC-CF7C60402BCC}.Release|ARM64.Deploy.0 = Release|ARM64
		{1F23C256-4CBC-4980-8ABC-CF7C60402BCC}.Release|x64.ActiveCfg = Release|x64
		{1F23C256-4CBC-4980-8ABC-CF7C60402BCC}.Release|x64.Build.0 = Release|x64
		{1F23C256-4CBC-4980-8ABC-CF7C60402BCC}.Release|x64.Deploy.0 = Release|x64
	EndGlobalSection
	GlobalSection(SolutionProperties) = preSolution
		HideSolutionNode = FALSE
	EndGlobalSection
	GlobalSection(ExtensibilityGlobals) = postSolution
		SolutionGuid = {3F75B037-9D6A-4C2D-913F-7DED6C4D5B38}
	EndGlobalSection
EndGlobal
